// !$*UTF8*$!
{
	archiveVersion = 1;
	classes = {
	};
	objectVersion = 56;
	objects = {

/* Begin PBXBuildFile section */
		391514452873952A00849839 /* InstapicsumApp.swift in Sources */ = {isa = PBXBuildFile; fileRef = 391514442873952A00849839 /* InstapicsumApp.swift */; };
		391514492873952B00849839 /* Assets.xcassets in Resources */ = {isa = PBXBuildFile; fileRef = 391514482873952B00849839 /* Assets.xcassets */; };
		3915144D2873952B00849839 /* Preview Assets.xcassets in Resources */ = {isa = PBXBuildFile; fileRef = 3915144C2873952B00849839 /* Preview Assets.xcassets */; };
		391514612873952B00849839 /* InstapicsumUITests.swift in Sources */ = {isa = PBXBuildFile; fileRef = 391514602873952B00849839 /* InstapicsumUITests.swift */; };
		391514702873986200849839 /* README.md in Resources */ = {isa = PBXBuildFile; fileRef = 3915146F2873986200849839 /* README.md */; };
		3915147528739BE000849839 /* Photograph.swift in Sources */ = {isa = PBXBuildFile; fileRef = 3915147428739BE000849839 /* Photograph.swift */; };
		3915147728739CA100849839 /* ImageProvider.swift in Sources */ = {isa = PBXBuildFile; fileRef = 3915147628739CA100849839 /* ImageProvider.swift */; };
		3915147B2873A35200849839 /* StaticPhotographCollectionProviderTests.swift in Sources */ = {isa = PBXBuildFile; fileRef = 3915147A2873A35200849839 /* StaticPhotographCollectionProviderTests.swift */; };
		39A58FC52873C32E006DBAFC /* PhotographCollectionView.swift in Sources */ = {isa = PBXBuildFile; fileRef = 39A58FC42873C32E006DBAFC /* PhotographCollectionView.swift */; };
		39A58FC72873C53A006DBAFC /* PhotographView.swift in Sources */ = {isa = PBXBuildFile; fileRef = 39A58FC62873C53A006DBAFC /* PhotographView.swift */; };
		39A8ED952873BAAB00DD725B /* PhotographStore.swift in Sources */ = {isa = PBXBuildFile; fileRef = 39A8ED932873BAAB00DD725B /* PhotographStore.swift */; };
		39A8ED962873BAAB00DD725B /* ImageStore.swift in Sources */ = {isa = PBXBuildFile; fileRef = 39A8ED942873BAAB00DD725B /* ImageStore.swift */; };
		39A8ED982873BAB600DD725B /* PhotographCollectionProvider.swift in Sources */ = {isa = PBXBuildFile; fileRef = 39A8ED972873BAB600DD725B /* PhotographCollectionProvider.swift */; };
		39A8ED9D2873BB0500DD725B /* StaticPhotographCollectionProvider.swift in Sources */ = {isa = PBXBuildFile; fileRef = 39A8ED9A2873BB0500DD725B /* StaticPhotographCollectionProvider.swift */; };
		39A8ED9E2873BB0500DD725B /* StaticProviderError.swift in Sources */ = {isa = PBXBuildFile; fileRef = 39A8ED9B2873BB0500DD725B /* StaticProviderError.swift */; };
		39A8ED9F2873BB0500DD725B /* StaticImageProvider.swift in Sources */ = {isa = PBXBuildFile; fileRef = 39A8ED9C2873BB0500DD725B /* StaticImageProvider.swift */; };
		39A8EDA12873BF9A00DD725B /* StaticImageProviderTests.swift in Sources */ = {isa = PBXBuildFile; fileRef = 39A8EDA02873BF9A00DD725B /* StaticImageProviderTests.swift */; };
		39C528BC2873C133005AAD46 /* PhotographTileView.swift in Sources */ = {isa = PBXBuildFile; fileRef = 39C528BA2873C133005AAD46 /* PhotographTileView.swift */; };
/* End PBXBuildFile section */

/* Begin PBXContainerItemProxy section */
		391514532873952B00849839 /* PBXContainerItemProxy */ = {
			isa = PBXContainerItemProxy;
			containerPortal = 391514392873952A00849839 /* Project object */;
			proxyType = 1;
			remoteGlobalIDString = 391514402873952A00849839;
			remoteInfo = Instapicsum;
		};
		3915145D2873952B00849839 /* PBXContainerItemProxy */ = {
			isa = PBXContainerItemProxy;
			containerPortal = 391514392873952A00849839 /* Project object */;
			proxyType = 1;
			remoteGlobalIDString = 391514402873952A00849839;
			remoteInfo = Instapicsum;
		};
/* End PBXContainerItemProxy section */

/* Begin PBXFileReference section */
		391514412873952A00849839 /* Instapicsum.app */ = {isa = PBXFileReference; explicitFileType = wrapper.application; includeInIndex = 0; path = Instapicsum.app; sourceTree = BUILT_PRODUCTS_DIR; };
		391514442873952A00849839 /* InstapicsumApp.swift */ = {isa = PBXFileReference; lastKnownFileType = sourcecode.swift; path = InstapicsumApp.swift; sourceTree = "<group>"; };
		391514482873952B00849839 /* Assets.xcassets */ = {isa = PBXFileReference; lastKnownFileType = folder.assetcatalog; path = Assets.xcassets; sourceTree = "<group>"; };
		3915144A2873952B00849839 /* Instapicsum.entitlements */ = {isa = PBXFileReference; lastKnownFileType = text.plist.entitlements; path = Instapicsum.entitlements; sourceTree = "<group>"; };
		3915144C2873952B00849839 /* Preview Assets.xcassets */ = {isa = PBXFileReference; lastKnownFileType = folder.assetcatalog; path = "Preview Assets.xcassets"; sourceTree = "<group>"; };
		391514522873952B00849839 /* InstapicsumTests.xctest */ = {isa = PBXFileReference; explicitFileType = wrapper.cfbundle; includeInIndex = 0; path = InstapicsumTests.xctest; sourceTree = BUILT_PRODUCTS_DIR; };
		3915145C2873952B00849839 /* InstapicsumUITests.xctest */ = {isa = PBXFileReference; explicitFileType = wrapper.cfbundle; includeInIndex = 0; path = InstapicsumUITests.xctest; sourceTree = BUILT_PRODUCTS_DIR; };
		391514602873952B00849839 /* InstapicsumUITests.swift */ = {isa = PBXFileReference; lastKnownFileType = sourcecode.swift; path = InstapicsumUITests.swift; sourceTree = "<group>"; };
		3915146F2873986200849839 /* README.md */ = {isa = PBXFileReference; fileEncoding = 4; lastKnownFileType = net.daringfireball.markdown; path = README.md; sourceTree = "<group>"; };
		3915147428739BE000849839 /* Photograph.swift */ = {isa = PBXFileReference; lastKnownFileType = sourcecode.swift; path = Photograph.swift; sourceTree = "<group>"; };
		3915147628739CA100849839 /* ImageProvider.swift */ = {isa = PBXFileReference; lastKnownFileType = sourcecode.swift; path = ImageProvider.swift; sourceTree = "<group>"; };
		3915147A2873A35200849839 /* StaticPhotographCollectionProviderTests.swift */ = {isa = PBXFileReference; lastKnownFileType = sourcecode.swift; path = StaticPhotographCollectionProviderTests.swift; sourceTree = "<group>"; };
		39A58FC42873C32E006DBAFC /* PhotographCollectionView.swift */ = {isa = PBXFileReference; fileEncoding = 4; lastKnownFileType = sourcecode.swift; path = PhotographCollectionView.swift; sourceTree = "<group>"; };
		39A58FC62873C53A006DBAFC /* PhotographView.swift */ = {isa = PBXFileReference; lastKnownFileType = sourcecode.swift; path = PhotographView.swift; sourceTree = "<group>"; };
		39A8ED932873BAAB00DD725B /* PhotographStore.swift */ = {isa = PBXFileReference; fileEncoding = 4; lastKnownFileType = sourcecode.swift; path = PhotographStore.swift; sourceTree = "<group>"; };
		39A8ED942873BAAB00DD725B /* ImageStore.swift */ = {isa = PBXFileReference; fileEncoding = 4; lastKnownFileType = sourcecode.swift; path = ImageStore.swift; sourceTree = "<group>"; };
		39A8ED972873BAB600DD725B /* PhotographCollectionProvider.swift */ = {isa = PBXFileReference; fileEncoding = 4; lastKnownFileType = sourcecode.swift; path = PhotographCollectionProvider.swift; sourceTree = "<group>"; };
		39A8ED9A2873BB0500DD725B /* StaticPhotographCollectionProvider.swift */ = {isa = PBXFileReference; fileEncoding = 4; lastKnownFileType = sourcecode.swift; path = StaticPhotographCollectionProvider.swift; sourceTree = "<group>"; };
		39A8ED9B2873BB0500DD725B /* StaticProviderError.swift */ = {isa = PBXFileReference; fileEncoding = 4; lastKnownFileType = sourcecode.swift; path = StaticProviderError.swift; sourceTree = "<group>"; };
		39A8ED9C2873BB0500DD725B /* StaticImageProvider.swift */ = {isa = PBXFileReference; fileEncoding = 4; lastKnownFileType = sourcecode.swift; path = StaticImageProvider.swift; sourceTree = "<group>"; };
		39A8EDA02873BF9A00DD725B /* StaticImageProviderTests.swift */ = {isa = PBXFileReference; lastKnownFileType = sourcecode.swift; path = StaticImageProviderTests.swift; sourceTree = "<group>"; };
		39C528BA2873C133005AAD46 /* PhotographTileView.swift */ = {isa = PBXFileReference; fileEncoding = 4; lastKnownFileType = sourcecode.swift; path = PhotographTileView.swift; sourceTree = "<group>"; };
/* End PBXFileReference section */

/* Begin PBXFrameworksBuildPhase section */
		3915143E2873952A00849839 /* Frameworks */ = {
			isa = PBXFrameworksBuildPhase;
			buildActionMask = 2147483647;
			files = (
			);
			runOnlyForDeploymentPostprocessing = 0;
		};
		3915144F2873952B00849839 /* Frameworks */ = {
			isa = PBXFrameworksBuildPhase;
			buildActionMask = 2147483647;
			files = (
			);
			runOnlyForDeploymentPostprocessing = 0;
		};
		391514592873952B00849839 /* Frameworks */ = {
			isa = PBXFrameworksBuildPhase;
			buildActionMask = 2147483647;
			files = (
			);
			runOnlyForDeploymentPostprocessing = 0;
		};
/* End PBXFrameworksBuildPhase section */

/* Begin PBXGroup section */
		391514382873952A00849839 = {
			isa = PBXGroup;
			children = (
				3915146F2873986200849839 /* README.md */,
				391514432873952A00849839 /* Instapicsum */,
				391514552873952B00849839 /* InstapicsumTests */,
				3915145F2873952B00849839 /* InstapicsumUITests */,
				391514422873952A00849839 /* Products */,
			);
			sourceTree = "<group>";
		};
		391514422873952A00849839 /* Products */ = {
			isa = PBXGroup;
			children = (
				391514412873952A00849839 /* Instapicsum.app */,
				391514522873952B00849839 /* InstapicsumTests.xctest */,
				3915145C2873952B00849839 /* InstapicsumUITests.xctest */,
			);
			name = Products;
			sourceTree = "<group>";
		};
		391514432873952A00849839 /* Instapicsum */ = {
			isa = PBXGroup;
			children = (
				39C528B92873C108005AAD46 /* View */,
				3915147128739B8E00849839 /* Model */,
				391514442873952A00849839 /* InstapicsumApp.swift */,
				391514482873952B00849839 /* Assets.xcassets */,
				3915144A2873952B00849839 /* Instapicsum.entitlements */,
				3915144B2873952B00849839 /* Preview Content */,
			);
			path = Instapicsum;
			sourceTree = "<group>";
		};
		3915144B2873952B00849839 /* Preview Content */ = {
			isa = PBXGroup;
			children = (
				3915144C2873952B00849839 /* Preview Assets.xcassets */,
			);
			path = "Preview Content";
			sourceTree = "<group>";
		};
		391514552873952B00849839 /* InstapicsumTests */ = {
			isa = PBXGroup;
			children = (
				3915147A2873A35200849839 /* StaticPhotographCollectionProviderTests.swift */,
				39A8EDA02873BF9A00DD725B /* StaticImageProviderTests.swift */,
			);
			path = InstapicsumTests;
			sourceTree = "<group>";
		};
		3915145F2873952B00849839 /* InstapicsumUITests */ = {
			isa = PBXGroup;
			children = (
				391514602873952B00849839 /* InstapicsumUITests.swift */,
			);
			path = InstapicsumUITests;
			sourceTree = "<group>";
		};
		3915147128739B8E00849839 /* Model */ = {
			isa = PBXGroup;
			children = (
				3915147C2873A79900849839 /* Protocols */,
				39A8ED992873BACB00DD725B /* StaticProvider */,
				39A8ED942873BAAB00DD725B /* ImageStore.swift */,
				39A8ED932873BAAB00DD725B /* PhotographStore.swift */,
				3915147428739BE000849839 /* Photograph.swift */,
			);
			path = Model;
			sourceTree = "<group>";
		};
		3915147C2873A79900849839 /* Protocols */ = {
			isa = PBXGroup;
			children = (
				39A8ED972873BAB600DD725B /* PhotographCollectionProvider.swift */,
				3915147628739CA100849839 /* ImageProvider.swift */,
			);
			path = Protocols;
			sourceTree = "<group>";
		};
		39A8ED992873BACB00DD725B /* StaticProvider */ = {
			isa = PBXGroup;
			children = (
				39A8ED9C2873BB0500DD725B /* StaticImageProvider.swift */,
				39A8ED9A2873BB0500DD725B /* StaticPhotographCollectionProvider.swift */,
				39A8ED9B2873BB0500DD725B /* StaticProviderError.swift */,
			);
			path = StaticProvider;
			sourceTree = "<group>";
		};
		39C528B92873C108005AAD46 /* View */ = {
			isa = PBXGroup;
			children = (
				39A58FC42873C32E006DBAFC /* PhotographCollectionView.swift */,
				39C528BA2873C133005AAD46 /* PhotographTileView.swift */,
				39A58FC62873C53A006DBAFC /* PhotographView.swift */,
			);
			path = View;
			sourceTree = "<group>";
		};
/* End PBXGroup section */

/* Begin PBXNativeTarget section */
		391514402873952A00849839 /* Instapicsum */ = {
			isa = PBXNativeTarget;
			buildConfigurationList = 391514662873952B00849839 /* Build configuration list for PBXNativeTarget "Instapicsum" */;
			buildPhases = (
				3915143D2873952A00849839 /* Sources */,
				3915143E2873952A00849839 /* Frameworks */,
				3915143F2873952A00849839 /* Resources */,
			);
			buildRules = (
			);
			dependencies = (
			);
			name = Instapicsum;
			productName = Instapicsum;
			productReference = 391514412873952A00849839 /* Instapicsum.app */;
			productType = "com.apple.product-type.application";
		};
		391514512873952B00849839 /* InstapicsumTests */ = {
			isa = PBXNativeTarget;
			buildConfigurationList = 391514692873952B00849839 /* Build configuration list for PBXNativeTarget "InstapicsumTests" */;
			buildPhases = (
				3915144E2873952B00849839 /* Sources */,
				3915144F2873952B00849839 /* Frameworks */,
				391514502873952B00849839 /* Resources */,
			);
			buildRules = (
			);
			dependencies = (
				391514542873952B00849839 /* PBXTargetDependency */,
			);
			name = InstapicsumTests;
			productName = InstapicsumTests;
			productReference = 391514522873952B00849839 /* InstapicsumTests.xctest */;
			productType = "com.apple.product-type.bundle.unit-test";
		};
		3915145B2873952B00849839 /* InstapicsumUITests */ = {
			isa = PBXNativeTarget;
			buildConfigurationList = 3915146C2873952B00849839 /* Build configuration list for PBXNativeTarget "InstapicsumUITests" */;
			buildPhases = (
				391514582873952B00849839 /* Sources */,
				391514592873952B00849839 /* Frameworks */,
				3915145A2873952B00849839 /* Resources */,
			);
			buildRules = (
			);
			dependencies = (
				3915145E2873952B00849839 /* PBXTargetDependency */,
			);
			name = InstapicsumUITests;
			productName = InstapicsumUITests;
			productReference = 3915145C2873952B00849839 /* InstapicsumUITests.xctest */;
			productType = "com.apple.product-type.bundle.ui-testing";
		};
/* End PBXNativeTarget section */

/* Begin PBXProject section */
		391514392873952A00849839 /* Project object */ = {
			isa = PBXProject;
			attributes = {
				BuildIndependentTargetsInParallel = 1;
				LastSwiftUpdateCheck = 1400;
				LastUpgradeCheck = 1400;
				TargetAttributes = {
					391514402873952A00849839 = {
						CreatedOnToolsVersion = 14.0;
					};
					391514512873952B00849839 = {
						CreatedOnToolsVersion = 14.0;
						TestTargetID = 391514402873952A00849839;
					};
					3915145B2873952B00849839 = {
						CreatedOnToolsVersion = 14.0;
						TestTargetID = 391514402873952A00849839;
					};
				};
			};
			buildConfigurationList = 3915143C2873952A00849839 /* Build configuration list for PBXProject "Instapicsum" */;
			compatibilityVersion = "Xcode 14.0";
			developmentRegion = en;
			hasScannedForEncodings = 0;
			knownRegions = (
				en,
				Base,
			);
			mainGroup = 391514382873952A00849839;
			productRefGroup = 391514422873952A00849839 /* Products */;
			projectDirPath = "";
			projectRoot = "";
			targets = (
				391514402873952A00849839 /* Instapicsum */,
				391514512873952B00849839 /* InstapicsumTests */,
				3915145B2873952B00849839 /* InstapicsumUITests */,
			);
		};
/* End PBXProject section */

/* Begin PBXResourcesBuildPhase section */
		3915143F2873952A00849839 /* Resources */ = {
			isa = PBXResourcesBuildPhase;
			buildActionMask = 2147483647;
			files = (
				391514702873986200849839 /* README.md in Resources */,
				3915144D2873952B00849839 /* Preview Assets.xcassets in Resources */,
				391514492873952B00849839 /* Assets.xcassets in Resources */,
			);
			runOnlyForDeploymentPostprocessing = 0;
		};
		391514502873952B00849839 /* Resources */ = {
			isa = PBXResourcesBuildPhase;
			buildActionMask = 2147483647;
			files = (
			);
			runOnlyForDeploymentPostprocessing = 0;
		};
		3915145A2873952B00849839 /* Resources */ = {
			isa = PBXResourcesBuildPhase;
			buildActionMask = 2147483647;
			files = (
			);
			runOnlyForDeploymentPostprocessing = 0;
		};
/* End PBXResourcesBuildPhase section */

/* Begin PBXSourcesBuildPhase section */
		3915143D2873952A00849839 /* Sources */ = {
			isa = PBXSourcesBuildPhase;
			buildActionMask = 2147483647;
			files = (
				39A8ED9F2873BB0500DD725B /* StaticImageProvider.swift in Sources */,
				3915147728739CA100849839 /* ImageProvider.swift in Sources */,
				39A8ED952873BAAB00DD725B /* PhotographStore.swift in Sources */,
				39A8ED9E2873BB0500DD725B /* StaticProviderError.swift in Sources */,
				39C528BC2873C133005AAD46 /* PhotographTileView.swift in Sources */,
				39A8ED962873BAAB00DD725B /* ImageStore.swift in Sources */,
				391514452873952A00849839 /* InstapicsumApp.swift in Sources */,
				39A58FC52873C32E006DBAFC /* PhotographCollectionView.swift in Sources */,
				39A8ED9D2873BB0500DD725B /* StaticPhotographCollectionProvider.swift in Sources */,
				39A8ED982873BAB600DD725B /* PhotographCollectionProvider.swift in Sources */,
				39A58FC72873C53A006DBAFC /* PhotographView.swift in Sources */,
				3915147528739BE000849839 /* Photograph.swift in Sources */,
			);
			runOnlyForDeploymentPostprocessing = 0;
		};
		3915144E2873952B00849839 /* Sources */ = {
			isa = PBXSourcesBuildPhase;
			buildActionMask = 2147483647;
			files = (
				39A8EDA12873BF9A00DD725B /* StaticImageProviderTests.swift in Sources */,
				3915147B2873A35200849839 /* StaticPhotographCollectionProviderTests.swift in Sources */,
			);
			runOnlyForDeploymentPostprocessing = 0;
		};
		391514582873952B00849839 /* Sources */ = {
			isa = PBXSourcesBuildPhase;
			buildActionMask = 2147483647;
			files = (
				391514612873952B00849839 /* InstapicsumUITests.swift in Sources */,
			);
			runOnlyForDeploymentPostprocessing = 0;
		};
/* End PBXSourcesBuildPhase section */

/* Begin PBXTargetDependency section */
		391514542873952B00849839 /* PBXTargetDependency */ = {
			isa = PBXTargetDependency;
			target = 391514402873952A00849839 /* Instapicsum */;
			targetProxy = 391514532873952B00849839 /* PBXContainerItemProxy */;
		};
		3915145E2873952B00849839 /* PBXTargetDependency */ = {
			isa = PBXTargetDependency;
			target = 391514402873952A00849839 /* Instapicsum */;
			targetProxy = 3915145D2873952B00849839 /* PBXContainerItemProxy */;
		};
/* End PBXTargetDependency section */

/* Begin XCBuildConfiguration section */
		391514642873952B00849839 /* Debug */ = {
			isa = XCBuildConfiguration;
			buildSettings = {
				ALWAYS_SEARCH_USER_PATHS = NO;
				CLANG_ANALYZER_NONNULL = YES;
				CLANG_ANALYZER_NUMBER_OBJECT_CONVERSION = YES_AGGRESSIVE;
				CLANG_CXX_LANGUAGE_STANDARD = "gnu++17";
				CLANG_ENABLE_MODULES = YES;
				CLANG_ENABLE_OBJC_ARC = YES;
				CLANG_ENABLE_OBJC_WEAK = YES;
				CLANG_WARN_BLOCK_CAPTURE_AUTORELEASING = YES;
				CLANG_WARN_BOOL_CONVERSION = YES;
				CLANG_WARN_COMMA = YES;
				CLANG_WARN_CONSTANT_CONVERSION = YES;
				CLANG_WARN_DEPRECATED_OBJC_IMPLEMENTATIONS = YES;
				CLANG_WARN_DIRECT_OBJC_ISA_USAGE = YES_ERROR;
				CLANG_WARN_DOCUMENTATION_COMMENTS = YES;
				CLANG_WARN_EMPTY_BODY = YES;
				CLANG_WARN_ENUM_CONVERSION = YES;
				CLANG_WARN_INFINITE_RECURSION = YES;
				CLANG_WARN_INT_CONVERSION = YES;
				CLANG_WARN_NON_LITERAL_NULL_CONVERSION = YES;
				CLANG_WARN_OBJC_IMPLICIT_RETAIN_SELF = YES;
				CLANG_WARN_OBJC_LITERAL_CONVERSION = YES;
				CLANG_WARN_OBJC_ROOT_CLASS = YES_ERROR;
				CLANG_WARN_QUOTED_INCLUDE_IN_FRAMEWORK_HEADER = YES;
				CLANG_WARN_RANGE_LOOP_ANALYSIS = YES;
				CLANG_WARN_STRICT_PROTOTYPES = YES;
				CLANG_WARN_SUSPICIOUS_MOVE = YES;
				CLANG_WARN_UNGUARDED_AVAILABILITY = YES_AGGRESSIVE;
				CLANG_WARN_UNREACHABLE_CODE = YES;
				CLANG_WARN__DUPLICATE_METHOD_MATCH = YES;
				COPY_PHASE_STRIP = NO;
				DEBUG_INFORMATION_FORMAT = dwarf;
				ENABLE_STRICT_OBJC_MSGSEND = YES;
				ENABLE_TESTABILITY = YES;
				GCC_C_LANGUAGE_STANDARD = gnu11;
				GCC_DYNAMIC_NO_PIC = NO;
				GCC_NO_COMMON_BLOCKS = YES;
				GCC_OPTIMIZATION_LEVEL = 0;
				GCC_PREPROCESSOR_DEFINITIONS = (
					"DEBUG=1",
					"$(inherited)",
				);
				GCC_WARN_64_TO_32_BIT_CONVERSION = YES;
				GCC_WARN_ABOUT_RETURN_TYPE = YES_ERROR;
				GCC_WARN_UNDECLARED_SELECTOR = YES;
				GCC_WARN_UNINITIALIZED_AUTOS = YES_AGGRESSIVE;
				GCC_WARN_UNUSED_FUNCTION = YES;
				GCC_WARN_UNUSED_VARIABLE = YES;
				MTL_ENABLE_DEBUG_INFO = INCLUDE_SOURCE;
				MTL_FAST_MATH = YES;
				ONLY_ACTIVE_ARCH = YES;
				SWIFT_ACTIVE_COMPILATION_CONDITIONS = DEBUG;
				SWIFT_OPTIMIZATION_LEVEL = "-Onone";
			};
			name = Debug;
		};
		391514652873952B00849839 /* Release */ = {
			isa = XCBuildConfiguration;
			buildSettings = {
				ALWAYS_SEARCH_USER_PATHS = NO;
				CLANG_ANALYZER_NONNULL = YES;
				CLANG_ANALYZER_NUMBER_OBJECT_CONVERSION = YES_AGGRESSIVE;
				CLANG_CXX_LANGUAGE_STANDARD = "gnu++17";
				CLANG_ENABLE_MODULES = YES;
				CLANG_ENABLE_OBJC_ARC = YES;
				CLANG_ENABLE_OBJC_WEAK = YES;
				CLANG_WARN_BLOCK_CAPTURE_AUTORELEASING = YES;
				CLANG_WARN_BOOL_CONVERSION = YES;
				CLANG_WARN_COMMA = YES;
				CLANG_WARN_CONSTANT_CONVERSION = YES;
				CLANG_WARN_DEPRECATED_OBJC_IMPLEMENTATIONS = YES;
				CLANG_WARN_DIRECT_OBJC_ISA_USAGE = YES_ERROR;
				CLANG_WARN_DOCUMENTATION_COMMENTS = YES;
				CLANG_WARN_EMPTY_BODY = YES;
				CLANG_WARN_ENUM_CONVERSION = YES;
				CLANG_WARN_INFINITE_RECURSION = YES;
				CLANG_WARN_INT_CONVERSION = YES;
				CLANG_WARN_NON_LITERAL_NULL_CONVERSION = YES;
				CLANG_WARN_OBJC_IMPLICIT_RETAIN_SELF = YES;
				CLANG_WARN_OBJC_LITERAL_CONVERSION = YES;
				CLANG_WARN_OBJC_ROOT_CLASS = YES_ERROR;
				CLANG_WARN_QUOTED_INCLUDE_IN_FRAMEWORK_HEADER = YES;
				CLANG_WARN_RANGE_LOOP_ANALYSIS = YES;
				CLANG_WARN_STRICT_PROTOTYPES = YES;
				CLANG_WARN_SUSPICIOUS_MOVE = YES;
				CLANG_WARN_UNGUARDED_AVAILABILITY = YES_AGGRESSIVE;
				CLANG_WARN_UNREACHABLE_CODE = YES;
				CLANG_WARN__DUPLICATE_METHOD_MATCH = YES;
				COPY_PHASE_STRIP = NO;
				DEBUG_INFORMATION_FORMAT = "dwarf-with-dsym";
				ENABLE_NS_ASSERTIONS = NO;
				ENABLE_STRICT_OBJC_MSGSEND = YES;
				GCC_C_LANGUAGE_STANDARD = gnu11;
				GCC_NO_COMMON_BLOCKS = YES;
				GCC_WARN_64_TO_32_BIT_CONVERSION = YES;
				GCC_WARN_ABOUT_RETURN_TYPE = YES_ERROR;
				GCC_WARN_UNDECLARED_SELECTOR = YES;
				GCC_WARN_UNINITIALIZED_AUTOS = YES_AGGRESSIVE;
				GCC_WARN_UNUSED_FUNCTION = YES;
				GCC_WARN_UNUSED_VARIABLE = YES;
				MTL_ENABLE_DEBUG_INFO = NO;
				MTL_FAST_MATH = YES;
				SWIFT_COMPILATION_MODE = wholemodule;
				SWIFT_OPTIMIZATION_LEVEL = "-O";
			};
			name = Release;
		};
		391514672873952B00849839 /* Debug */ = {
			isa = XCBuildConfiguration;
			buildSettings = {
				ASSETCATALOG_COMPILER_APPICON_NAME = AppIcon;
				ASSETCATALOG_COMPILER_GLOBAL_ACCENT_COLOR_NAME = AccentColor;
				CODE_SIGN_ENTITLEMENTS = Instapicsum/Instapicsum.entitlements;
				CODE_SIGN_STYLE = Automatic;
				CURRENT_PROJECT_VERSION = 1;
				DEVELOPMENT_ASSET_PATHS = "\"Instapicsum/Preview Content\"";
				DEVELOPMENT_TEAM = 7V4N9RBYC8;
				ENABLE_HARDENED_RUNTIME = YES;
				ENABLE_PREVIEWS = YES;
				GENERATE_INFOPLIST_FILE = YES;
				"INFOPLIST_KEY_UILaunchScreen_Generation[sdk=iphoneos*]" = YES;
				"INFOPLIST_KEY_UILaunchScreen_Generation[sdk=iphonesimulator*]" = YES;
				INFOPLIST_KEY_UISupportedInterfaceOrientations_iPad = "UIInterfaceOrientationPortrait UIInterfaceOrientationPortraitUpsideDown UIInterfaceOrientationLandscapeLeft UIInterfaceOrientationLandscapeRight";
				INFOPLIST_KEY_UISupportedInterfaceOrientations_iPhone = "UIInterfaceOrientationPortrait UIInterfaceOrientationLandscapeLeft UIInterfaceOrientationLandscapeRight";
				IPHONEOS_DEPLOYMENT_TARGET = 16.0;
				LD_RUNPATH_SEARCH_PATHS = "@executable_path/Frameworks";
				"LD_RUNPATH_SEARCH_PATHS[sdk=macosx*]" = "@executable_path/../Frameworks";
				MACOSX_DEPLOYMENT_TARGET = 12.4;
				MARKETING_VERSION = 1.0;
				PRODUCT_BUNDLE_IDENTIFIER = YellowGlasses.Instapicsum;
				PRODUCT_NAME = "$(TARGET_NAME)";
				SDKROOT = auto;
				SUPPORTED_PLATFORMS = "iphoneos iphonesimulator macosx";
				SWIFT_EMIT_LOC_STRINGS = YES;
				SWIFT_VERSION = 5.0;
				TARGETED_DEVICE_FAMILY = "1,2";
			};
			name = Debug;
		};
		391514682873952B00849839 /* Release */ = {
			isa = XCBuildConfiguration;
			buildSettings = {
				ASSETCATALOG_COMPILER_APPICON_NAME = AppIcon;
				ASSETCATALOG_COMPILER_GLOBAL_ACCENT_COLOR_NAME = AccentColor;
				CODE_SIGN_ENTITLEMENTS = Instapicsum/Instapicsum.entitlements;
				CODE_SIGN_STYLE = Automatic;
				CURRENT_PROJECT_VERSION = 1;
				DEVELOPMENT_ASSET_PATHS = "\"Instapicsum/Preview Content\"";
				DEVELOPMENT_TEAM = 7V4N9RBYC8;
				ENABLE_HARDENED_RUNTIME = YES;
				ENABLE_PREVIEWS = YES;
				GENERATE_INFOPLIST_FILE = YES;
				"INFOPLIST_KEY_UILaunchScreen_Generation[sdk=iphoneos*]" = YES;
				"INFOPLIST_KEY_UILaunchScreen_Generation[sdk=iphonesimulator*]" = YES;
				INFOPLIST_KEY_UISupportedInterfaceOrientations_iPad = "UIInterfaceOrientationPortrait UIInterfaceOrientationPortraitUpsideDown UIInterfaceOrientationLandscapeLeft UIInterfaceOrientationLandscapeRight";
				INFOPLIST_KEY_UISupportedInterfaceOrientations_iPhone = "UIInterfaceOrientationPortrait UIInterfaceOrientationLandscapeLeft UIInterfaceOrientationLandscapeRight";
				IPHONEOS_DEPLOYMENT_TARGET = 16.0;
				LD_RUNPATH_SEARCH_PATHS = "@executable_path/Frameworks";
				"LD_RUNPATH_SEARCH_PATHS[sdk=macosx*]" = "@executable_path/../Frameworks";
				MACOSX_DEPLOYMENT_TARGET = 12.4;
				MARKETING_VERSION = 1.0;
				PRODUCT_BUNDLE_IDENTIFIER = YellowGlasses.Instapicsum;
				PRODUCT_NAME = "$(TARGET_NAME)";
				SDKROOT = auto;
				SUPPORTED_PLATFORMS = "iphoneos iphonesimulator macosx";
				SWIFT_EMIT_LOC_STRINGS = YES;
				SWIFT_VERSION = 5.0;
				TARGETED_DEVICE_FAMILY = "1,2";
			};
			name = Release;
		};
		3915146A2873952B00849839 /* Debug */ = {
			isa = XCBuildConfiguration;
			buildSettings = {
				ALWAYS_EMBED_SWIFT_STANDARD_LIBRARIES = YES;
				BUNDLE_LOADER = "$(TEST_HOST)";
				CODE_SIGN_STYLE = Automatic;
				CURRENT_PROJECT_VERSION = 1;
				DEVELOPMENT_TEAM = 7V4N9RBYC8;
				GENERATE_INFOPLIST_FILE = YES;
				IPHONEOS_DEPLOYMENT_TARGET = 16.0;
				MACOSX_DEPLOYMENT_TARGET = 12.4;
				MARKETING_VERSION = 1.0;
				PRODUCT_BUNDLE_IDENTIFIER = YellowGlasses.InstapicsumTests;
				PRODUCT_NAME = "$(TARGET_NAME)";
				SDKROOT = auto;
				SUPPORTED_PLATFORMS = "iphoneos iphonesimulator macosx";
				SWIFT_EMIT_LOC_STRINGS = NO;
				SWIFT_VERSION = 5.0;
				TARGETED_DEVICE_FAMILY = "1,2";
				TEST_HOST = "$(BUILT_PRODUCTS_DIR)/Instapicsum.app/$(BUNDLE_EXECUTABLE_FOLDER_PATH)/Instapicsum";
			};
			name = Debug;
		};
		3915146B2873952B00849839 /* Release */ = {
			isa = XCBuildConfiguration;
			buildSettings = {
				ALWAYS_EMBED_SWIFT_STANDARD_LIBRARIES = YES;
				BUNDLE_LOADER = "$(TEST_HOST)";
				CODE_SIGN_STYLE = Automatic;
				CURRENT_PROJECT_VERSION = 1;
				DEVELOPMENT_TEAM = 7V4N9RBYC8;
				GENERATE_INFOPLIST_FILE = YES;
				IPHONEOS_DEPLOYMENT_TARGET = 16.0;
				MACOSX_DEPLOYMENT_TARGET = 12.4;
				MARKETING_VERSION = 1.0;
				PRODUCT_BUNDLE_IDENTIFIER = YellowGlasses.InstapicsumTests;
				PRODUCT_NAME = "$(TARGET_NAME)";
				SDKROOT = auto;
				SUPPORTED_PLATFORMS = "iphoneos iphonesimulator macosx";
				SWIFT_EMIT_LOC_STRINGS = NO;
				SWIFT_VERSION = 5.0;
				TARGETED_DEVICE_FAMILY = "1,2";
				TEST_HOST = "$(BUILT_PRODUCTS_DIR)/Instapicsum.app/$(BUNDLE_EXECUTABLE_FOLDER_PATH)/Instapicsum";
			};
			name = Release;
		};
		3915146D2873952B00849839 /* Debug */ = {
			isa = XCBuildConfiguration;
			buildSettings = {
				ALWAYS_EMBED_SWIFT_STANDARD_LIBRARIES = YES;
				CODE_SIGN_STYLE = Automatic;
				CURRENT_PROJECT_VERSION = 1;
				DEVELOPMENT_TEAM = 7V4N9RBYC8;
				GENERATE_INFOPLIST_FILE = YES;
				IPHONEOS_DEPLOYMENT_TARGET = 16.0;
				MACOSX_DEPLOYMENT_TARGET = 12.4;
				MARKETING_VERSION = 1.0;
				PRODUCT_BUNDLE_IDENTIFIER = YellowGlasses.InstapicsumUITests;
				PRODUCT_NAME = "$(TARGET_NAME)";
				SDKROOT = auto;
				SUPPORTED_PLATFORMS = "iphoneos iphonesimulator macosx";
				SWIFT_EMIT_LOC_STRINGS = NO;
				SWIFT_VERSION = 5.0;
				TARGETED_DEVICE_FAMILY = "1,2";
				TEST_TARGET_NAME = Instapicsum;
			};
			name = Debug;
		};
		3915146E2873952B00849839 /* Release */ = {
			isa = XCBuildConfiguration;
			buildSettings = {
				ALWAYS_EMBED_SWIFT_STANDARD_LIBRARIES = YES;
				CODE_SIGN_STYLE = Automatic;
				CURRENT_PROJECT_VERSION = 1;
				DEVELOPMENT_TEAM = 7V4N9RBYC8;
				GENERATE_INFOPLIST_FILE = YES;
				IPHONEOS_DEPLOYMENT_TARGET = 16.0;
				MACOSX_DEPLOYMENT_TARGET = 12.4;
				MARKETING_VERSION = 1.0;
				PRODUCT_BUNDLE_IDENTIFIER = YellowGlasses.InstapicsumUITests;
				PRODUCT_NAME = "$(TARGET_NAME)";
				SDKROOT = auto;
				SUPPORTED_PLATFORMS = "iphoneos iphonesimulator macosx";
				SWIFT_EMIT_LOC_STRINGS = NO;
				SWIFT_VERSION = 5.0;
				TARGETED_DEVICE_FAMILY = "1,2";
				TEST_TARGET_NAME = Instapicsum;
			};
			name = Release;
		};
/* End XCBuildConfiguration section */

/* Begin XCConfigurationList section */
		3915143C2873952A00849839 /* Build configuration list for PBXProject "Instapicsum" */ = {
			isa = XCConfigurationList;
			buildConfigurations = (
				391514642873952B00849839 /* Debug */,
				391514652873952B00849839 /* Release */,
			);
			defaultConfigurationIsVisible = 0;
			defaultConfigurationName = Release;
		};
		391514662873952B00849839 /* Build configuration list for PBXNativeTarget "Instapicsum" */ = {
			isa = XCConfigurationList;
			buildConfigurations = (
				391514672873952B00849839 /* Debug */,
				391514682873952B00849839 /* Release */,
			);
			defaultConfigurationIsVisible = 0;
			defaultConfigurationName = Release;
		};
		391514692873952B00849839 /* Build configuration list for PBXNativeTarget "InstapicsumTests" */ = {
			isa = XCConfigurationList;
			buildConfigurations = (
				3915146A2873952B00849839 /* Debug */,
				3915146B2873952B00849839 /* Release */,
			);
			defaultConfigurationIsVisible = 0;
			defaultConfigurationName = Release;
		};
		3915146C2873952B00849839 /* Build configuration list for PBXNativeTarget "InstapicsumUITests" */ = {
			isa = XCConfigurationList;
			buildConfigurations = (
				3915146D2873952B00849839 /* Debug */,
				3915146E2873952B00849839 /* Release */,
			);
			defaultConfigurationIsVisible = 0;
			defaultConfigurationName = Release;
		};
/* End XCConfigurationList section */
	};
	rootObject = 391514392873952A00849839 /* Project object */;
}
